
Microsoft Visual Studio Solution File, Format Version 12.00
# Visual Studio Version 16
VisualStudioVersion = 16.0.30330.147
MinimumVisualStudioVersion = 10.0.40219.1
Project("{9A19103F-16F7-4668-BE54-9A1E7A4F7556}") = "VoiceManipLibrary", "VoiceManipLibrary\VoiceManipLibrary.csproj", "{48220BD7-7043-4F9D-8015-734C947B8FF7}"
EndProject
Project("{FAE04EC0-301F-11D3-BF4B-00C04F79EFBC}") = "VoiceManipGUI", "VoiceManipGUI\VoiceManipGUI.csproj", "{D695C0BE-EC94-47CC-B6D7-6EF8EA5C8DFD}"
EndProject
Global
	GlobalSection(SolutionConfigurationPlatforms) = preSolution
		Debug|Any CPU = Debug|Any CPU
		Release|Any CPU = Release|Any CPU
	EndGlobalSection
	GlobalSection(ProjectConfigurationPlatforms) = postSolution
		{48220BD7-7043-4F9D-8015-734C947B8FF7}.Debug|Any CPU.ActiveCfg = Debug|Any CPU
		{48220BD7-7043-4F9D-8015-734C947B8FF7}.Debug|Any CPU.Build.0 = Debug|Any CPU
		{48220BD7-7043-4F9D-8015-734C947B8FF7}.Release|Any CPU.ActiveCfg = Release|Any CPU
		{48220BD7-7043-4F9D-8015-734C947B8FF7}.Release|Any CPU.Build.0 = Release|Any CPU
		{D695C0BE-EC94-47CC-B6D7-6EF8EA5C8DFD}.Debug|Any CPU.ActiveCfg = Debug|Any CPU
		{D695C0BE-EC94-47CC-B6D7-6EF8EA5C8DFD}.Debug|Any CPU.Build.0 = Debug|Any CPU
		{D695C0BE-EC94-47CC-B6D7-6EF8EA5C8DFD}.Release|Any CPU.ActiveCfg = Release|Any CPU
		{D695C0BE-EC94-47CC-B6D7-6EF8EA5C8DFD}.Release|Any CPU.Build.0 = Release|Any CPU
	EndGlobalSection
	GlobalSection(SolutionProperties) = preSolution
		HideSolutionNode = FALSE
	EndGlobalSection
	GlobalSection(ExtensibilityGlobals) = postSolution
		SolutionGuid = {12ED557D-09E7-4E15-8275-C2B7E4883B19}
	EndGlobalSection
EndGlobal
